
Microsoft Visual Studio Solution File, Format Version 12.00
# Visual Studio Version 17
VisualStudioVersion = 17.0.32112.339
MinimumVisualStudioVersion = 10.0.40219.1
Project("{9A19103F-16F7-4668-BE54-9A1E7A4F7556}") = "Movies.Entities", "Movies.Entities\Movies.Entities.csproj", "{F65E0C6E-433D-4982-9F13-7A4856FD711E}"
EndProject
Project("{9A19103F-16F7-4668-BE54-9A1E7A4F7556}") = "Movies.DataAccess", "Movie.DataAccess\Movies.DataAccess.csproj", "{EDB21EFE-C3D1-477B-8C2F-49C997B2D6A5}"
EndProject
Project("{9A19103F-16F7-4668-BE54-9A1E7A4F7556}") = "Movies.Business", "Movies.Bussiness\Movies.Business.csproj", "{BA110346-4B2D-4C2C-870B-70B2B7C0F5E7}"
EndProject
Project("{2150E333-8FDC-42A3-9474-1A3956D46DE8}") = "src", "src", "{655081A9-0A6E-426F-9B9F-C7E1BA1AE78D}"
EndProject
Project("{2150E333-8FDC-42A3-9474-1A3956D46DE8}") = "tests", "tests", "{516DAF59-CFFF-4BCD-BEB8-D019D0D78144}"
EndProject
Project("{9A19103F-16F7-4668-BE54-9A1E7A4F7556}") = "Movies.Business.Tests", "Movies.Business.Tests\Movies.Business.Tests.csproj", "{49859E5C-ED3C-42B3-9542-48F5BBA639FF}"
EndProject
Project("{9A19103F-16F7-4668-BE54-9A1E7A4F7556}") = "Movies.Api", "Movies.Api\Movies.Api.csproj", "{C52D22A5-47B8-4212-91C0-256140DC8125}"
EndProject
Project("{9A19103F-16F7-4668-BE54-9A1E7A4F7556}") = "Movies.Api.Tests", "Movies.Api.Tests\Movies.Api.Tests.csproj", "{B1788E8F-E17D-4A04-A30D-8367CF13B724}"
EndProject
Project("{FAE04EC0-301F-11D3-BF4B-00C04F79EFBC}") = "Movies.Web", "Movies.Web\Movies.Web.csproj", "{438778D5-2498-4FB6-B861-B676AB2D431A}"
EndProject
Project("{FAE04EC0-301F-11D3-BF4B-00C04F79EFBC}") = "Movies.Models", "Movies.Models\Movies.Models.csproj", "{DEC19325-F361-47CB-9FE5-9E6E3DAD2EEA}"
EndProject
Global
	GlobalSection(SolutionConfigurationPlatforms) = preSolution
		Debug|Any CPU = Debug|Any CPU
		Release|Any CPU = Release|Any CPU
	EndGlobalSection
	GlobalSection(ProjectConfigurationPlatforms) = postSolution
		{F65E0C6E-433D-4982-9F13-7A4856FD711E}.Debug|Any CPU.ActiveCfg = Debug|Any CPU
		{F65E0C6E-433D-4982-9F13-7A4856FD711E}.Debug|Any CPU.Build.0 = Debug|Any CPU
		{F65E0C6E-433D-4982-9F13-7A4856FD711E}.Release|Any CPU.ActiveCfg = Release|Any CPU
		{F65E0C6E-433D-4982-9F13-7A4856FD711E}.Release|Any CPU.Build.0 = Release|Any CPU
		{EDB21EFE-C3D1-477B-8C2F-49C997B2D6A5}.Debug|Any CPU.ActiveCfg = Debug|Any CPU
		{EDB21EFE-C3D1-477B-8C2F-49C997B2D6A5}.Debug|Any CPU.Build.0 = Debug|Any CPU
		{EDB21EFE-C3D1-477B-8C2F-49C997B2D6A5}.Release|Any CPU.ActiveCfg = Release|Any CPU
		{EDB21EFE-C3D1-477B-8C2F-49C997B2D6A5}.Release|Any CPU.Build.0 = Release|Any CPU
		{BA110346-4B2D-4C2C-870B-70B2B7C0F5E7}.Debug|Any CPU.ActiveCfg = Debug|Any CPU
		{BA110346-4B2D-4C2C-870B-70B2B7C0F5E7}.Debug|Any CPU.Build.0 = Debug|Any CPU
		{BA110346-4B2D-4C2C-870B-70B2B7C0F5E7}.Release|Any CPU.ActiveCfg = Release|Any CPU
		{BA110346-4B2D-4C2C-870B-70B2B7C0F5E7}.Release|Any CPU.Build.0 = Release|Any CPU
		{49859E5C-ED3C-42B3-9542-48F5BBA639FF}.Debug|Any CPU.ActiveCfg = Debug|Any CPU
		{49859E5C-ED3C-42B3-9542-48F5BBA639FF}.Debug|Any CPU.Build.0 = Debug|Any CPU
		{49859E5C-ED3C-42B3-9542-48F5BBA639FF}.Release|Any CPU.ActiveCfg = Release|Any CPU
		{49859E5C-ED3C-42B3-9542-48F5BBA639FF}.Release|Any CPU.Build.0 = Release|Any CPU
		{C52D22A5-47B8-4212-91C0-256140DC8125}.Debug|Any CPU.ActiveCfg = Debug|Any CPU
		{C52D22A5-47B8-4212-91C0-256140DC8125}.Debug|Any CPU.Build.0 = Debug|Any CPU
		{C52D22A5-47B8-4212-91C0-256140DC8125}.Release|Any CPU.ActiveCfg = Release|Any CPU
		{C52D22A5-47B8-4212-91C0-256140DC8125}.Release|Any CPU.Build.0 = Release|Any CPU
		{B1788E8F-E17D-4A04-A30D-8367CF13B724}.Debug|Any CPU.ActiveCfg = Debug|Any CPU
		{B1788E8F-E17D-4A04-A30D-8367CF13B724}.Debug|Any CPU.Build.0 = Debug|Any CPU
		{B1788E8F-E17D-4A04-A30D-8367CF13B724}.Release|Any CPU.ActiveCfg = Release|Any CPU
		{B1788E8F-E17D-4A04-A30D-8367CF13B724}.Release|Any CPU.Build.0 = Release|Any CPU
		{438778D5-2498-4FB6-B861-B676AB2D431A}.Debug|Any CPU.ActiveCfg = Debug|Any CPU
		{438778D5-2498-4FB6-B861-B676AB2D431A}.Debug|Any CPU.Build.0 = Debug|Any CPU
		{438778D5-2498-4FB6-B861-B676AB2D431A}.Release|Any CPU.ActiveCfg = Release|Any CPU
		{438778D5-2498-4FB6-B861-B676AB2D431A}.Release|Any CPU.Build.0 = Release|Any CPU
		{DEC19325-F361-47CB-9FE5-9E6E3DAD2EEA}.Debug|Any CPU.ActiveCfg = Debug|Any CPU
		{DEC19325-F361-47CB-9FE5-9E6E3DAD2EEA}.Debug|Any CPU.Build.0 = Debug|Any CPU
		{DEC19325-F361-47CB-9FE5-9E6E3DAD2EEA}.Release|Any CPU.ActiveCfg = Release|Any CPU
		{DEC19325-F361-47CB-9FE5-9E6E3DAD2EEA}.Release|Any CPU.Build.0 = Release|Any CPU
	EndGlobalSection
	GlobalSection(SolutionProperties) = preSolution
		HideSolutionNode = FALSE
	EndGlobalSection
	GlobalSection(NestedProjects) = preSolution
		{F65E0C6E-433D-4982-9F13-7A4856FD711E} = {655081A9-0A6E-426F-9B9F-C7E1BA1AE78D}
		{EDB21EFE-C3D1-477B-8C2F-49C997B2D6A5} = {655081A9-0A6E-426F-9B9F-C7E1BA1AE78D}
		{BA110346-4B2D-4C2C-870B-70B2B7C0F5E7} = {655081A9-0A6E-426F-9B9F-C7E1BA1AE78D}
		{49859E5C-ED3C-42B3-9542-48F5BBA639FF} = {516DAF59-CFFF-4BCD-BEB8-D019D0D78144}
		{C52D22A5-47B8-4212-91C0-256140DC8125} = {655081A9-0A6E-426F-9B9F-C7E1BA1AE78D}
		{B1788E8F-E17D-4A04-A30D-8367CF13B724} = {516DAF59-CFFF-4BCD-BEB8-D019D0D78144}
		{438778D5-2498-4FB6-B861-B676AB2D431A} = {655081A9-0A6E-426F-9B9F-C7E1BA1AE78D}
		{DEC19325-F361-47CB-9FE5-9E6E3DAD2EEA} = {655081A9-0A6E-426F-9B9F-C7E1BA1AE78D}
	EndGlobalSection
	GlobalSection(ExtensibilityGlobals) = postSolution
		SolutionGuid = {72B2BCD1-6C10-4616-A56F-62E3678FB66D}
	EndGlobalSection
EndGlobal
